{
  "name": "@clark-pro/harness",
  "version": "0.1.0",
  "lockfileVersion": 3,
  "requires": true,
  "packages": {
    "": {
      "name": "@clark-pro/harness",
      "version": "0.1.0",
      "dependencies": {
        "@clark/contract-runtime": "file:../../contract-runtime",
        "@clark/contracts": "file:../../contracts"
      }
    },
    "../../contract-runtime": {
      "name": "@clark/contract-runtime",
      "version": "1.0.0",
      "dependencies": {
        "@clark/contracts": "file:../contracts",
        "ajv": "8.20.0",
        "ajv-formats": "3.0.1"
      },
      "devDependencies": {
        "@types/node": "26.1.1",
        "json-schema-to-typescript": "15.0.4",
        "typescript": "7.0.2"
      }
    },
    "../../contracts": {
      "name": "@clark/contracts",
      "version": "1.0.0",
      "devDependencies": {
        "ajv": "8.20.0",
        "ajv-formats": "3.0.1"
      }
    },
    "node_modules/@clark/contract-runtime": {
      "resolved": "../../contract-runtime",
      "link": true
    },
    "node_modules/@clark/contracts": {
      "resolved": "../../contracts",
      "link": true
    }
  }
}
